
Microsoft Visual Studio Solution File, Format Version 12.00
# Visual Studio Version 16
VisualStudioVersion = 16.0.29409.12
MinimumVisualStudioVersion = 10.0.40219.1
Project("{FAE04EC0-301F-11D3-BF4B-00C04F79EFBC}") = "AdvancedCharts", "AdvancedCharts.csproj", "{600E2CC2-260C-4071-BFF5-1D7934A00777}"
EndProject
Global
	GlobalSection(SolutionConfigurationPlatforms) = preSolution
		Debug|Any CPU = Debug|Any CPU
		Release|Any CPU = Release|Any CPU
	EndGlobalSection
	GlobalSection(ProjectConfigurationPlatforms) = postSolution
		{600E2CC2-260C-4071-BFF5-1D7934A00777}.Debug|Any CPU.ActiveCfg = Debug|Any CPU
		{600E2CC2-260C-4071-BFF5-1D7934A00777}.Debug|Any CPU.Build.0 = Debug|Any CPU
		{600E2CC2-260C-4071-BFF5-1D7934A00777}.Debug|Any CPU.Deploy.0 = Debug|Any CPU
		{600E2CC2-260C-4071-BFF5-1D7934A00777}.Release|Any CPU.ActiveCfg = Release|Any CPU
		{600E2CC2-260C-4071-BFF5-1D7934A00777}.Release|Any CPU.Build.0 = Release|Any CPU
		{600E2CC2-260C-4071-BFF5-1D7934A00777}.Release|Any CPU.Deploy.0 = Release|Any CPU
	EndGlobalSection
	GlobalSection(SolutionProperties) = preSolution
		HideSolutionNode = FALSE
	EndGlobalSection
	GlobalSection(ExtensibilityGlobals) = postSolution
		SolutionGuid = {481EBD7F-C231-4759-B097-9FCD3AA9D521}
	EndGlobalSection
EndGlobal
